
Microsoft Visual Studio Solution File, Format Version 12.00
# Visual Studio Version 16
VisualStudioVersion = 16.0.32901.82
MinimumVisualStudioVersion = 10.0.40219.1
Project("{FAE04EC0-301F-11D3-BF4B-00C04F79EFBC}") = "lab2", "lab2\lab2.csproj", "{BD816F26-E4A4-494A-8FA0-80129F5D66A2}"
EndProject
Global
	GlobalSection(SolutionConfigurationPlatforms) = preSolution
		Debug|Any CPU = Debug|Any CPU
		Release|Any CPU = Release|Any CPU
	EndGlobalSection
	GlobalSection(ProjectConfigurationPlatforms) = postSolution
		{BD816F26-E4A4-494A-8FA0-80129F5D66A2}.Debug|Any CPU.ActiveCfg = Debug|Any CPU
		{BD816F26-E4A4-494A-8FA0-80129F5D66A2}.Debug|Any CPU.Build.0 = Debug|Any CPU
		{BD816F26-E4A4-494A-8FA0-80129F5D66A2}.Release|Any CPU.ActiveCfg = Release|Any CPU
		{BD816F26-E4A4-494A-8FA0-80129F5D66A2}.Release|Any CPU.Build.0 = Release|Any CPU
	EndGlobalSection
	GlobalSection(SolutionProperties) = preSolution
		HideSolutionNode = FALSE
	EndGlobalSection
	GlobalSection(ExtensibilityGlobals) = postSolution
		SolutionGuid = {F7E4885E-89C6-4BC6-9F4C-AE2E77E94217}
	EndGlobalSection
EndGlobal
