
Microsoft Visual Studio Solution File, Format Version 12.00
# Visual Studio Version 17
VisualStudioVersion = 17.0.31903.59
MinimumVisualStudioVersion = 10.0.40219.1
Project("{FAE04EC0-301F-11D3-BF4B-00C04F79EFBC}") = "lab7", "lab7\lab7.csproj", "{D839BB1D-8A1E-4103-88D8-9F48B00387DF}"
EndProject
Global
	GlobalSection(SolutionConfigurationPlatforms) = preSolution
		Debug|Any CPU = Debug|Any CPU
		Release|Any CPU = Release|Any CPU
	EndGlobalSection
	GlobalSection(SolutionProperties) = preSolution
		HideSolutionNode = FALSE
	EndGlobalSection
	GlobalSection(ProjectConfigurationPlatforms) = postSolution
		{D839BB1D-8A1E-4103-88D8-9F48B00387DF}.Debug|Any CPU.ActiveCfg = Debug|Any CPU
		{D839BB1D-8A1E-4103-88D8-9F48B00387DF}.Debug|Any CPU.Build.0 = Debug|Any CPU
		{D839BB1D-8A1E-4103-88D8-9F48B00387DF}.Release|Any CPU.ActiveCfg = Release|Any CPU
		{D839BB1D-8A1E-4103-88D8-9F48B00387DF}.Release|Any CPU.Build.0 = Release|Any CPU
	EndGlobalSection
EndGlobal
